// !$*UTF8*$!
{
	archiveVersion = 1;
	classes = {
	};
	objectVersion = 50;
	objects = {

/* Begin PBXBuildFile section */
		85B02F1621BD850E0087DCD8 /* AppDelegate.swift in Sources */ = {isa = PBXBuildFile; fileRef = 85B02F1521BD850E0087DCD8 /* AppDelegate.swift */; };
		85B02F1821BD850E0087DCD8 /* ViewController.swift in Sources */ = {isa = PBXBuildFile; fileRef = 85B02F1721BD850E0087DCD8 /* ViewController.swift */; };
		85B02F1B21BD850E0087DCD8 /* Main.storyboard in Resources */ = {isa = PBXBuildFile; fileRef = 85B02F1921BD850E0087DCD8 /* Main.storyboard */; };
		85B02F1D21BD85110087DCD8 /* Assets.xcassets in Resources */ = {isa = PBXBuildFile; fileRef = 85B02F1C21BD85110087DCD8 /* Assets.xcassets */; };
		85B02F2021BD85110087DCD8 /* LaunchScreen.storyboard in Resources */ = {isa = PBXBuildFile; fileRef = 85B02F1E21BD85110087DCD8 /* LaunchScreen.storyboard */; };
		85B02F2B21BD85110087DCD8 /* BuildTestTests.swift in Sources */ = {isa = PBXBuildFile; fileRef = 85B02F2A21BD85110087DCD8 /* BuildTestTests.swift */; };
		85B02F3621BD85110087DCD8 /* BuildTestUITests.swift in Sources */ = {isa = PBXBuildFile; fileRef = 85B02F3521BD85110087DCD8 /* BuildTestUITests.swift */; };
/* End PBXBuildFile section */

/* Begin PBXContainerItemProxy section */
		85B02F2721BD85110087DCD8 /* PBXContainerItemProxy */ = {
			isa = PBXContainerItemProxy;
			containerPortal = 85B02F0A21BD850E0087DCD8 /* Project object */;
			proxyType = 1;
			remoteGlobalIDString = 85B02F1121BD850E0087DCD8;
			remoteInfo = BuildTest;
		};
		85B02F3221BD85110087DCD8 /* PBXContainerItemProxy */ = {
			isa = PBXContainerItemProxy;
			containerPortal = 85B02F0A21BD850E0087DCD8 /* Project object */;
			proxyType = 1;
			remoteGlobalIDString = 85B02F1121BD850E0087DCD8;
			remoteInfo = BuildTest;
		};
/* End PBXContainerItemProxy section */

/* Begin PBXFileReference section */
		85B02F1221BD850E0087DCD8 /* BuildTest.app */ = {isa = PBXFileReference; explicitFileType = wrapper.application; includeInIndex = 0; path = BuildTest.app; sourceTree = BUILT_PRODUCTS_DIR; };
		85B02F1521BD850E0087DCD8 /* AppDelegate.swift */ = {isa = PBXFileReference; lastKnownFileType = sourcecode.swift; path = AppDelegate.swift; sourceTree = "<group>"; };
		85B02F1721BD850E0087DCD8 /* ViewController.swift */ = {isa = PBXFileReference; lastKnownFileType = sourcecode.swift; path = ViewController.swift; sourceTree = "<group>"; };
		85B02F1A21BD850E0087DCD8 /* Base */ = {isa = PBXFileReference; lastKnownFileType = file.storyboard; name = Base; path = Base.lproj/Main.storyboard; sourceTree = "<group>"; };
		85B02F1C21BD85110087DCD8 /* Assets.xcassets */ = {isa = PBXFileReference; lastKnownFileType = folder.assetcatalog; path = Assets.xcassets; sourceTree = "<group>"; };
		85B02F1F21BD85110087DCD8 /* Base */ = {isa = PBXFileReference; lastKnownFileType = file.storyboard; name = Base; path = Base.lproj/LaunchScreen.storyboard; sourceTree = "<group>"; };
		85B02F2121BD85110087DCD8 /* Info.plist */ = {isa = PBXFileReference; lastKnownFileType = text.plist.xml; path = Info.plist; sourceTree = "<group>"; };
		85B02F2621BD85110087DCD8 /* BuildTestTests.xctest */ = {isa = PBXFileReference; explicitFileType = wrapper.cfbundle; includeInIndex = 0; path = BuildTestTests.xctest; sourceTree = BUILT_PRODUCTS_DIR; };
		85B02F2A21BD85110087DCD8 /* BuildTestTests.swift */ = {isa = PBXFileReference; lastKnownFileType = sourcecode.swift; path = BuildTestTests.swift; sourceTree = "<group>"; };
		85B02F2C21BD85110087DCD8 /* Info.plist */ = {isa = PBXFileReference; lastKnownFileType = text.plist.xml; path = Info.plist; sourceTree = "<group>"; };
		85B02F3121BD85110087DCD8 /* BuildTestUITests.xctest */ = {isa = PBXFileReference; explicitFileType = wrapper.cfbundle; includeInIndex = 0; path = BuildTestUITests.xctest; sourceTree = BUILT_PRODUCTS_DIR; };
		85B02F3521BD85110087DCD8 /* BuildTestUITests.swift */ = {isa = PBXFileReference; lastKnownFileType = sourcecode.swift; path = BuildTestUITests.swift; sourceTree = "<group>"; };
		85B02F3721BD85110087DCD8 /* Info.plist */ = {isa = PBXFileReference; lastKnownFileType = text.plist.xml; path = Info.plist; sourceTree = "<group>"; };
/* End PBXFileReference section */

/* Begin PBXFrameworksBuildPhase section */
		85B02F0F21BD850E0087DCD8 /* Frameworks */ = {
			isa = PBXFrameworksBuildPhase;
			buildActionMask = 2147483647;
			files = (
			);
			runOnlyForDeploymentPostprocessing = 0;
		};
		85B02F2321BD85110087DCD8 /* Frameworks */ = {
			isa = PBXFrameworksBuildPhase;
			buildActionMask = 2147483647;
			files = (
			);
			runOnlyForDeploymentPostprocessing = 0;
		};
		85B02F2E21BD85110087DCD8 /* Frameworks */ = {
			isa = PBXFrameworksBuildPhase;
			buildActionMask = 2147483647;
			files = (
			);
			runOnlyForDeploymentPostprocessing = 0;
		};
/* End PBXFrameworksBuildPhase section */

/* Begin PBXGroup section */
		85B02F0921BD850E0087DCD8 = {
			isa = PBXGroup;
			children = (
				85B02F1421BD850E0087DCD8 /* BuildTest */,
				85B02F2921BD85110087DCD8 /* BuildTestTests */,
				85B02F3421BD85110087DCD8 /* BuildTestUITests */,
				85B02F1321BD850E0087DCD8 /* Products */,
			);
			sourceTree = "<group>";
		};
		85B02F1321BD850E0087DCD8 /* Products */ = {
			isa = PBXGroup;
			children = (
				85B02F1221BD850E0087DCD8 /* BuildTest.app */,
				85B02F2621BD85110087DCD8 /* BuildTestTests.xctest */,
				85B02F3121BD85110087DCD8 /* BuildTestUITests.xctest */,
			);
			name = Products;
			sourceTree = "<group>";
		};
		85B02F1421BD850E0087DCD8 /* BuildTest */ = {
			isa = PBXGroup;
			children = (
				85B02F1521BD850E0087DCD8 /* AppDelegate.swift */,
				85B02F1721BD850E0087DCD8 /* ViewController.swift */,
				85B02F1921BD850E0087DCD8 /* Main.storyboard */,
				85B02F1C21BD85110087DCD8 /* Assets.xcassets */,
				85B02F1E21BD85110087DCD8 /* LaunchScreen.storyboard */,
				85B02F2121BD85110087DCD8 /* Info.plist */,
			);
			path = BuildTest;
			sourceTree = "<group>";
		};
		85B02F2921BD85110087DCD8 /* BuildTestTests */ = {
			isa = PBXGroup;
			children = (
				85B02F2A21BD85110087DCD8 /* BuildTestTests.swift */,
				85B02F2C21BD85110087DCD8 /* Info.plist */,
			);
			path = BuildTestTests;
			sourceTree = "<group>";
		};
		85B02F3421BD85110087DCD8 /* BuildTestUITests */ = {
			isa = PBXGroup;
			children = (
				85B02F3521BD85110087DCD8 /* BuildTestUITests.swift */,
				85B02F3721BD85110087DCD8 /* Info.plist */,
			);
			path = BuildTestUITests;
			sourceTree = "<group>";
		};
/* End PBXGroup section */

/* Begin PBXNativeTarget section */
		85B02F1121BD850E0087DCD8 /* BuildTest */ = {
			isa = PBXNativeTarget;
			buildConfigurationList = 85B02F3A21BD85110087DCD8 /* Build configuration list for PBXNativeTarget "BuildTest" */;
			buildPhases = (
				85B02F0E21BD850E0087DCD8 /* Sources */,
				85B02F0F21BD850E0087DCD8 /* Frameworks */,
				85B02F1021BD850E0087DCD8 /* Resources */,
			);
			buildRules = (
			);
			dependencies = (
			);
			name = BuildTest;
			productName = BuildTest;
			productReference = 85B02F1221BD850E0087DCD8 /* BuildTest.app */;
			productType = "com.apple.product-type.application";
		};
		85B02F2521BD85110087DCD8 /* BuildTestTests */ = {
			isa = PBXNativeTarget;
			buildConfigurationList = 85B02F3D21BD85110087DCD8 /* Build configuration list for PBXNativeTarget "BuildTestTests" */;
			buildPhases = (
				85B02F2221BD85110087DCD8 /* Sources */,
				85B02F2321BD85110087DCD8 /* Frameworks */,
				85B02F2421BD85110087DCD8 /* Resources */,
			);
			buildRules = (
			);
			dependencies = (
				85B02F2821BD85110087DCD8 /* PBXTargetDependency */,
			);
			name = BuildTestTests;
			productName = BuildTestTests;
			productReference = 85B02F2621BD85110087DCD8 /* BuildTestTests.xctest */;
			productType = "com.apple.product-type.bundle.unit-test";
		};
		85B02F3021BD85110087DCD8 /* BuildTestUITests */ = {
			isa = PBXNativeTarget;
			buildConfigurationList = 85B02F4021BD85110087DCD8 /* Build configuration list for PBXNativeTarget "BuildTestUITests" */;
			buildPhases = (
				85B02F2D21BD85110087DCD8 /* Sources */,
				85B02F2E21BD85110087DCD8 /* Frameworks */,
				85B02F2F21BD85110087DCD8 /* Resources */,
			);
			buildRules = (
			);
			dependencies = (
				85B02F3321BD85110087DCD8 /* PBXTargetDependency */,
			);
			name = BuildTestUITests;
			productName = BuildTestUITests;
			productReference = 85B02F3121BD85110087DCD8 /* BuildTestUITests.xctest */;
			productType = "com.apple.product-type.bundle.ui-testing";
		};
/* End PBXNativeTarget section */

/* Begin PBXProject section */
		85B02F0A21BD850E0087DCD8 /* Project object */ = {
			isa = PBXProject;
			attributes = {
				LastSwiftUpdateCheck = 1010;
				LastUpgradeCheck = 1010;
				ORGANIZATIONNAME = SmartMed;
				TargetAttributes = {
					85B02F1121BD850E0087DCD8 = {
						CreatedOnToolsVersion = 10.1;
					};
					85B02F2521BD85110087DCD8 = {
						CreatedOnToolsVersion = 10.1;
						TestTargetID = 85B02F1121BD850E0087DCD8;
					};
					85B02F3021BD85110087DCD8 = {
						CreatedOnToolsVersion = 10.1;
						TestTargetID = 85B02F1121BD850E0087DCD8;
					};
				};
			};
			buildConfigurationList = 85B02F0D21BD850E0087DCD8 /* Build configuration list for PBXProject "BuildTest" */;
			compatibilityVersion = "Xcode 9.3";
			developmentRegion = en;
			hasScannedForEncodings = 0;
			knownRegions = (
				en,
				Base,
			);
			mainGroup = 85B02F0921BD850E0087DCD8;
			productRefGroup = 85B02F1321BD850E0087DCD8 /* Products */;
			projectDirPath = "";
			projectRoot = "";
			targets = (
				85B02F1121BD850E0087DCD8 /* BuildTest */,
				85B02F2521BD85110087DCD8 /* BuildTestTests */,
				85B02F3021BD85110087DCD8 /* BuildTestUITests */,
			);
		};
/* End PBXProject section */

/* Begin PBXResourcesBuildPhase section */
		85B02F1021BD850E0087DCD8 /* Resources */ = {
			isa = PBXResourcesBuildPhase;
			buildActionMask = 2147483647;
			files = (
				85B02F2021BD85110087DCD8 /* LaunchScreen.storyboard in Resources */,
				85B02F1D21BD85110087DCD8 /* Assets.xcassets in Resources */,
				85B02F1B21BD850E0087DCD8 /* Main.storyboard in Resources */,
			);
			runOnlyForDeploymentPostprocessing = 0;
		};
		85B02F2421BD85110087DCD8 /* Resources */ = {
			isa = PBXResourcesBuildPhase;
			buildActionMask = 2147483647;
			files = (
			);
			runOnlyForDeploymentPostprocessing = 0;
		};
		85B02F2F21BD85110087DCD8 /* Resources */ = {
			isa = PBXResourcesBuildPhase;
			buildActionMask = 2147483647;
			files = (
			);
			runOnlyForDeploymentPostprocessing = 0;
		};
/* End PBXResourcesBuildPhase section */

/* Begin PBXSourcesBuildPhase section */
		85B02F0E21BD850E0087DCD8 /* Sources */ = {
			isa = PBXSourcesBuildPhase;
			buildActionMask = 2147483647;
			files = (
				85B02F1821BD850E0087DCD8 /* ViewController.swift in Sources */,
				85B02F1621BD850E0087DCD8 /* AppDelegate.swift in Sources */,
			);
			runOnlyForDeploymentPostprocessing = 0;
		};
		85B02F2221BD85110087DCD8 /* Sources */ = {
			isa = PBXSourcesBuildPhase;
			buildActionMask = 2147483647;
			files = (
				85B02F2B21BD85110087DCD8 /* BuildTestTests.swift in Sources */,
			);
			runOnlyForDeploymentPostprocessing = 0;
		};
		85B02F2D21BD85110087DCD8 /* Sources */ = {
			isa = PBXSourcesBuildPhase;
			buildActionMask = 2147483647;
			files = (
				85B02F3621BD85110087DCD8 /* BuildTestUITests.swift in Sources */,
			);
			runOnlyForDeploymentPostprocessing = 0;
		};
/* End PBXSourcesBuildPhase section */

/* Begin PBXTargetDependency section */
		85B02F2821BD85110087DCD8 /* PBXTargetDependency */ = {
			isa = PBXTargetDependency;
			target = 85B02F1121BD850E0087DCD8 /* BuildTest */;
			targetProxy = 85B02F2721BD85110087DCD8 /* PBXContainerItemProxy */;
		};
		85B02F3321BD85110087DCD8 /* PBXTargetDependency */ = {
			isa = PBXTargetDependency;
			target = 85B02F1121BD850E0087DCD8 /* BuildTest */;
			targetProxy = 85B02F3221BD85110087DCD8 /* PBXContainerItemProxy */;
		};
/* End PBXTargetDependency section */

/* Begin PBXVariantGroup section */
		85B02F1921BD850E0087DCD8 /* Main.storyboard */ = {
			isa = PBXVariantGroup;
			children = (
				85B02F1A21BD850E0087DCD8 /* Base */,
			);
			name = Main.storyboard;
			sourceTree = "<group>";
		};
		85B02F1E21BD85110087DCD8 /* LaunchScreen.storyboard */ = {
			isa = PBXVariantGroup;
			children = (
				85B02F1F21BD85110087DCD8 /* Base */,
			);
			name = LaunchScreen.storyboard;
			sourceTree = "<group>";
		};
/* End PBXVariantGroup section */

/* Begin XCBuildConfiguration section */
		85B02F3821BD85110087DCD8 /* Debug */ = {
			isa = XCBuildConfiguration;
			buildSettings = {
				ALWAYS_SEARCH_USER_PATHS = NO;
				CLANG_ANALYZER_NONNULL = YES;
				CLANG_ANALYZER_NUMBER_OBJECT_CONVERSION = YES_AGGRESSIVE;
				CLANG_CXX_LANGUAGE_STANDARD = "gnu++14";
				CLANG_CXX_LIBRARY = "libc++";
				CLANG_ENABLE_MODULES = YES;
				CLANG_ENABLE_OBJC_ARC = YES;
				CLANG_ENABLE_OBJC_WEAK = YES;
				CLANG_WARN_BLOCK_CAPTURE_AUTORELEASING = YES;
				CLANG_WARN_BOOL_CONVERSION = YES;
				CLANG_WARN_COMMA = YES;
				CLANG_WARN_CONSTANT_CONVERSION = YES;
				CLANG_WARN_DEPRECATED_OBJC_IMPLEMENTATIONS = YES;
				CLANG_WARN_DIRECT_OBJC_ISA_USAGE = YES_ERROR;
				CLANG_WARN_DOCUMENTATION_COMMENTS = YES;
				CLANG_WARN_EMPTY_BODY = YES;
				CLANG_WARN_ENUM_CONVERSION = YES;
				CLANG_WARN_INFINITE_RECURSION = YES;
				CLANG_WARN_INT_CONVERSION = YES;
				CLANG_WARN_NON_LITERAL_NULL_CONVERSION = YES;
				CLANG_WARN_OBJC_IMPLICIT_RETAIN_SELF = YES;
				CLANG_WARN_OBJC_LITERAL_CONVERSION = YES;
				CLANG_WARN_OBJC_ROOT_CLASS = YES_ERROR;
				CLANG_WARN_RANGE_LOOP_ANALYSIS = YES;
				CLANG_WARN_STRICT_PROTOTYPES = YES;
				CLANG_WARN_SUSPICIOUS_MOVE = YES;
				CLANG_WARN_UNGUARDED_AVAILABILITY = YES_AGGRESSIVE;
				CLANG_WARN_UNREACHABLE_CODE = YES;
				CLANG_WARN__DUPLICATE_METHOD_MATCH = YES;
				CODE_SIGN_IDENTITY = "iPhone Developer";
				COPY_PHASE_STRIP = NO;
				DEBUG_INFORMATION_FORMAT = dwarf;
				ENABLE_STRICT_OBJC_MSGSEND = YES;
				ENABLE_TESTABILITY = YES;
				GCC_C_LANGUAGE_STANDARD = gnu11;
				GCC_DYNAMIC_NO_PIC = NO;
				GCC_NO_COMMON_BLOCKS = YES;
				GCC_OPTIMIZATION_LEVEL = 0;
				GCC_PREPROCESSOR_DEFINITIONS = (
					"DEBUG=1",
					"$(inherited)",
				);
				GCC_WARN_64_TO_32_BIT_CONVERSION = YES;
				GCC_WARN_ABOUT_RETURN_TYPE = YES_ERROR;
				GCC_WARN_UNDECLARED_SELECTOR = YES;
				GCC_WARN_UNINITIALIZED_AUTOS = YES_AGGRESSIVE;
				GCC_WARN_UNUSED_FUNCTION = YES;
				GCC_WARN_UNUSED_VARIABLE = YES;
				IPHONEOS_DEPLOYMENT_TARGET = 12.1;
				MTL_ENABLE_DEBUG_INFO = INCLUDE_SOURCE;
				MTL_FAST_MATH = YES;
				ONLY_ACTIVE_ARCH = YES;
				SDKROOT = iphoneos;
				SWIFT_ACTIVE_COMPILATION_CONDITIONS = DEBUG;
				SWIFT_OPTIMIZATION_LEVEL = "-Onone";
			};
			name = Debug;
		};
		85B02F3921BD85110087DCD8 /* Release */ = {
			isa = XCBuildConfiguration;
			buildSettings = {
				ALWAYS_SEARCH_USER_PATHS = NO;
				CLANG_ANALYZER_NONNULL = YES;
				CLANG_ANALYZER_NUMBER_OBJECT_CONVERSION = YES_AGGRESSIVE;
				CLANG_CXX_LANGUAGE_STANDARD = "gnu++14";
				CLANG_CXX_LIBRARY = "libc++";
				CLANG_ENABLE_MODULES = YES;
				CLANG_ENABLE_OBJC_ARC = YES;
				CLANG_ENABLE_OBJC_WEAK = YES;
				CLANG_WARN_BLOCK_CAPTURE_AUTORELEASING = YES;
				CLANG_WARN_BOOL_CONVERSION = YES;
				CLANG_WARN_COMMA = YES;
				CLANG_WARN_CONSTANT_CONVERSION = YES;
				CLANG_WARN_DEPRECATED_OBJC_IMPLEMENTATIONS = YES;
				CLANG_WARN_DIRECT_OBJC_ISA_USAGE = YES_ERROR;
				CLANG_WARN_DOCUMENTATION_COMMENTS = YES;
				CLANG_WARN_EMPTY_BODY = YES;
				CLANG_WARN_ENUM_CONVERSION = YES;
				CLANG_WARN_INFINITE_RECURSION = YES;
				CLANG_WARN_INT_CONVERSION = YES;
				CLANG_WARN_NON_LITERAL_NULL_CONVERSION = YES;
				CLANG_WARN_OBJC_IMPLICIT_RETAIN_SELF = YES;
				CLANG_WARN_OBJC_LITERAL_CONVERSION = YES;
				CLANG_WARN_OBJC_ROOT_CLASS = YES_ERROR;
				CLANG_WARN_RANGE_LOOP_ANALYSIS = YES;
				CLANG_WARN_STRICT_PROTOTYPES = YES;
				CLANG_WARN_SUSPICIOUS_MOVE = YES;
				CLANG_WARN_UNGUARDED_AVAILABILITY = YES_AGGRESSIVE;
				CLANG_WARN_UNREACHABLE_CODE = YES;
				CLANG_WARN__DUPLICATE_METHOD_MATCH = YES;
				CODE_SIGN_IDENTITY = "iPhone Developer";
				COPY_PHASE_STRIP = NO;
				DEBUG_INFORMATION_FORMAT = "dwarf-with-dsym";
				ENABLE_NS_ASSERTIONS = NO;
				ENABLE_STRICT_OBJC_MSGSEND = YES;
				GCC_C_LANGUAGE_STANDARD = gnu11;
				GCC_NO_COMMON_BLOCKS = YES;
				GCC_WARN_64_TO_32_BIT_CONVERSION = YES;
				GCC_WARN_ABOUT_RETURN_TYPE = YES_ERROR;
				GCC_WARN_UNDECLARED_SELECTOR = YES;
				GCC_WARN_UNINITIALIZED_AUTOS = YES_AGGRESSIVE;
				GCC_WARN_UNUSED_FUNCTION = YES;
				GCC_WARN_UNUSED_VARIABLE = YES;
				IPHONEOS_DEPLOYMENT_TARGET = 12.1;
				MTL_ENABLE_DEBUG_INFO = NO;
				MTL_FAST_MATH = YES;
				SDKROOT = iphoneos;
				SWIFT_COMPILATION_MODE = wholemodule;
				SWIFT_OPTIMIZATION_LEVEL = "-O";
				VALIDATE_PRODUCT = YES;
			};
			name = Release;
		};
		85B02F3B21BD85110087DCD8 /* Debug */ = {
			isa = XCBuildConfiguration;
			buildSettings = {
				ASSETCATALOG_COMPILER_APPICON_NAME = AppIcon;
				CODE_SIGN_STYLE = Manual;
				DEVELOPMENT_TEAM = 886JB4KKUR;
				INFOPLIST_FILE = BuildTest/Info.plist;
				LD_RUNPATH_SEARCH_PATHS = (
					"$(inherited)",
					"@executable_path/Frameworks",
				);
				PRODUCT_BUNDLE_IDENTIFIER = nl.smartmed.beta.SmartMed;
				PRODUCT_NAME = "$(TARGET_NAME)";
				PROVISIONING_PROFILE_SPECIFIER = "SmartMed Dev";
				SWIFT_VERSION = 4.2;
				TARGETED_DEVICE_FAMILY = "1,2";
			};
			name = Debug;
		};
		85B02F3C21BD85110087DCD8 /* Release */ = {
			isa = XCBuildConfiguration;
			buildSettings = {
				ASSETCATALOG_COMPILER_APPICON_NAME = AppIcon;
				CODE_SIGN_IDENTITY = "iPhone Distribution";
				CODE_SIGN_STYLE = Manual;
				DEVELOPMENT_TEAM = 886JB4KKUR;
				INFOPLIST_FILE = BuildTest/Info.plist;
				LD_RUNPATH_SEARCH_PATHS = (
					"$(inherited)",
					"@executable_path/Frameworks",
				);
				PRODUCT_BUNDLE_IDENTIFIER = nl.smartmed.beta.SmartMed;
				PRODUCT_NAME = "$(TARGET_NAME)";
				PROVISIONING_PROFILE_SPECIFIER = "SmartMed App Store";
				SWIFT_VERSION = 4.2;
				TARGETED_DEVICE_FAMILY = "1,2";
			};
			name = Release;
		};
		85B02F3E21BD85110087DCD8 /* Debug */ = {
			isa = XCBuildConfiguration;
			buildSettings = {
				ALWAYS_EMBED_SWIFT_STANDARD_LIBRARIES = YES;
				BUNDLE_LOADER = "$(TEST_HOST)";
				CODE_SIGN_STYLE = Automatic;
				DEVELOPMENT_TEAM = 886JB4KKUR;
				INFOPLIST_FILE = BuildTestTests/Info.plist;
				LD_RUNPATH_SEARCH_PATHS = (
					"$(inherited)",
					"@executable_path/Frameworks",
					"@loader_path/Frameworks",
				);
				PRODUCT_BUNDLE_IDENTIFIER = SmartMed.BuildTestTests;
				PRODUCT_NAME = "$(TARGET_NAME)";
				SWIFT_VERSION = 4.2;
				TARGETED_DEVICE_FAMILY = "1,2";
				TEST_HOST = "$(BUILT_PRODUCTS_DIR)/BuildTest.app/BuildTest";
			};
			name = Debug;
		};
		85B02F3F21BD85110087DCD8 /* Release */ = {
			isa = XCBuildConfiguration;
			buildSettings = {
				ALWAYS_EMBED_SWIFT_STANDARD_LIBRARIES = YES;
				BUNDLE_LOADER = "$(TEST_HOST)";
				CODE_SIGN_STYLE = Automatic;
				DEVELOPMENT_TEAM = 886JB4KKUR;
				INFOPLIST_FILE = BuildTestTests/Info.plist;
				LD_RUNPATH_SEARCH_PATHS = (
					"$(inherited)",
					"@executable_path/Frameworks",
					"@loader_path/Frameworks",
				);
				PRODUCT_BUNDLE_IDENTIFIER = SmartMed.BuildTestTests;
				PRODUCT_NAME = "$(TARGET_NAME)";
				SWIFT_VERSION = 4.2;
				TARGETED_DEVICE_FAMILY = "1,2";
				TEST_HOST = "$(BUILT_PRODUCTS_DIR)/BuildTest.app/BuildTest";
			};
			name = Release;
		};
		85B02F4121BD85110087DCD8 /* Debug */ = {
			isa = XCBuildConfiguration;
			buildSettings = {
				ALWAYS_EMBED_SWIFT_STANDARD_LIBRARIES = YES;
				CODE_SIGN_STYLE = Automatic;
				DEVELOPMENT_TEAM = 886JB4KKUR;
				INFOPLIST_FILE = BuildTestUITests/Info.plist;
				LD_RUNPATH_SEARCH_PATHS = (
					"$(inherited)",
					"@executable_path/Frameworks",
					"@loader_path/Frameworks",
				);
				PRODUCT_BUNDLE_IDENTIFIER = SmartMed.BuildTestUITests;
				PRODUCT_NAME = "$(TARGET_NAME)";
				SWIFT_VERSION = 4.2;
				TARGETED_DEVICE_FAMILY = "1,2";
				TEST_TARGET_NAME = BuildTest;
			};
			name = Debug;
		};
		85B02F4221BD85110087DCD8 /* Release */ = {
			isa = XCBuildConfiguration;
			buildSettings = {
				ALWAYS_EMBED_SWIFT_STANDARD_LIBRARIES = YES;
				CODE_SIGN_STYLE = Automatic;
				DEVELOPMENT_TEAM = 886JB4KKUR;
				INFOPLIST_FILE = BuildTestUITests/Info.plist;
				LD_RUNPATH_SEARCH_PATHS = (
					"$(inherited)",
					"@executable_path/Frameworks",
					"@loader_path/Frameworks",
				);
				PRODUCT_BUNDLE_IDENTIFIER = SmartMed.BuildTestUITests;
				PRODUCT_NAME = "$(TARGET_NAME)";
				SWIFT_VERSION = 4.2;
				TARGETED_DEVICE_FAMILY = "1,2";
				TEST_TARGET_NAME = BuildTest;
			};
			name = Release;
		};
/* End XCBuildConfiguration section */

/* Begin XCConfigurationList section */
		85B02F0D21BD850E0087DCD8 /* Build configuration list for PBXProject "BuildTest" */ = {
			isa = XCConfigurationList;
			buildConfigurations = (
				85B02F3821BD85110087DCD8 /* Debug */,
				85B02F3921BD85110087DCD8 /* Release */,
			);
			defaultConfigurationIsVisible = 0;
			defaultConfigurationName = Release;
		};
		85B02F3A21BD85110087DCD8 /* Build configuration list for PBXNativeTarget "BuildTest" */ = {
			isa = XCConfigurationList;
			buildConfigurations = (
				85B02F3B21BD85110087DCD8 /* Debug */,
				85B02F3C21BD85110087DCD8 /* Release */,
			);
			defaultConfigurationIsVisible = 0;
			defaultConfigurationName = Release;
		};
		85B02F3D21BD85110087DCD8 /* Build configuration list for PBXNativeTarget "BuildTestTests" */ = {
			isa = XCConfigurationList;
			buildConfigurations = (
				85B02F3E21BD85110087DCD8 /* Debug */,
				85B02F3F21BD85110087DCD8 /* Release */,
			);
			defaultConfigurationIsVisible = 0;
			defaultConfigurationName = Release;
		};
		85B02F4021BD85110087DCD8 /* Build configuration list for PBXNativeTarget "BuildTestUITests" */ = {
			isa = XCConfigurationList;
			buildConfigurations = (
				85B02F4121BD85110087DCD8 /* Debug */,
				85B02F4221BD85110087DCD8 /* Release */,
			);
			defaultConfigurationIsVisible = 0;
			defaultConfigurationName = Release;
		};
/* End XCConfigurationList section */
	};
	rootObject = 85B02F0A21BD850E0087DCD8 /* Project object */;
}
